// !$*UTF8*$!
{
	archiveVersion = 1;
	classes = {
	};
	objectVersion = 50;
	objects = {

/* Begin PBXBuildFile section */
		AF667BF9242302010089A2CD /* GameState.swift in Sources */ = {isa = PBXBuildFile; fileRef = AF667BF8242302010089A2CD /* GameState.swift */; };
		AF667C032424356B0089A2CD /* NorthTicTacToeTests.swift in Sources */ = {isa = PBXBuildFile; fileRef = AF667C022424356B0089A2CD /* NorthTicTacToeTests.swift */; };
		AF667C1124244CD00089A2CD /* NorthTicTacToeUITests.swift in Sources */ = {isa = PBXBuildFile; fileRef = AF667C1024244CD00089A2CD /* NorthTicTacToeUITests.swift */; };
		AF667C1B242457BF0089A2CD /* AVFoundation.framework in Frameworks */ = {isa = PBXBuildFile; fileRef = AF667C19242457AD0089A2CD /* AVFoundation.framework */; };
		AF667C20242457DD0089A2CD /* Plop.mp3 in Resources */ = {isa = PBXBuildFile; fileRef = AF667C1F242457DD0089A2CD /* Plop.mp3 */; };
		AF667C2424245A570089A2CD /* FFVIIfanfare.mp3 in Resources */ = {isa = PBXBuildFile; fileRef = AF667C2324245A570089A2CD /* FFVIIfanfare.mp3 */; };
		AFB9E13B2421B7A4008B7B68 /* AppDelegate.swift in Sources */ = {isa = PBXBuildFile; fileRef = AFB9E13A2421B7A4008B7B68 /* AppDelegate.swift */; };
		AFB9E13D2421B7A4008B7B68 /* SceneDelegate.swift in Sources */ = {isa = PBXBuildFile; fileRef = AFB9E13C2421B7A4008B7B68 /* SceneDelegate.swift */; };
		AFB9E13F2421B7A4008B7B68 /* TicTacToeViewController.swift in Sources */ = {isa = PBXBuildFile; fileRef = AFB9E13E2421B7A4008B7B68 /* TicTacToeViewController.swift */; };
		AFB9E1422421B7A4008B7B68 /* Main.storyboard in Resources */ = {isa = PBXBuildFile; fileRef = AFB9E1402421B7A4008B7B68 /* Main.storyboard */; };
		AFB9E1442421B7A9008B7B68 /* Assets.xcassets in Resources */ = {isa = PBXBuildFile; fileRef = AFB9E1432421B7A9008B7B68 /* Assets.xcassets */; };
		AFB9E1472421B7A9008B7B68 /* LaunchScreen.storyboard in Resources */ = {isa = PBXBuildFile; fileRef = AFB9E1452421B7A9008B7B68 /* LaunchScreen.storyboard */; };
/* End PBXBuildFile section */

/* Begin PBXContainerItemProxy section */
		AF667C052424356B0089A2CD /* PBXContainerItemProxy */ = {
			isa = PBXContainerItemProxy;
			containerPortal = AFB9E12F2421B7A4008B7B68 /* Project object */;
			proxyType = 1;
			remoteGlobalIDString = AFB9E1362421B7A4008B7B68;
			remoteInfo = NorthTicTacToe;
		};
		AF667C1324244CD00089A2CD /* PBXContainerItemProxy */ = {
			isa = PBXContainerItemProxy;
			containerPortal = AFB9E12F2421B7A4008B7B68 /* Project object */;
			proxyType = 1;
			remoteGlobalIDString = AFB9E1362421B7A4008B7B68;
			remoteInfo = NorthTicTacToe;
		};
/* End PBXContainerItemProxy section */

/* Begin PBXFileReference section */
		AF667BF8242302010089A2CD /* GameState.swift */ = {isa = PBXFileReference; lastKnownFileType = sourcecode.swift; path = GameState.swift; sourceTree = "<group>"; };
		AF667C002424356B0089A2CD /* NorthTicTacToeTests.xctest */ = {isa = PBXFileReference; explicitFileType = wrapper.cfbundle; includeInIndex = 0; path = NorthTicTacToeTests.xctest; sourceTree = BUILT_PRODUCTS_DIR; };
		AF667C022424356B0089A2CD /* NorthTicTacToeTests.swift */ = {isa = PBXFileReference; lastKnownFileType = sourcecode.swift; path = NorthTicTacToeTests.swift; sourceTree = "<group>"; };
		AF667C042424356B0089A2CD /* Info.plist */ = {isa = PBXFileReference; lastKnownFileType = text.plist.xml; path = Info.plist; sourceTree = "<group>"; };
		AF667C0E24244CD00089A2CD /* NorthTicTacToeUITests.xctest */ = {isa = PBXFileReference; explicitFileType = wrapper.cfbundle; includeInIndex = 0; path = NorthTicTacToeUITests.xctest; sourceTree = BUILT_PRODUCTS_DIR; };
		AF667C1024244CD00089A2CD /* NorthTicTacToeUITests.swift */ = {isa = PBXFileReference; lastKnownFileType = sourcecode.swift; path = NorthTicTacToeUITests.swift; sourceTree = "<group>"; };
		AF667C1224244CD00089A2CD /* Info.plist */ = {isa = PBXFileReference; lastKnownFileType = text.plist.xml; path = Info.plist; sourceTree = "<group>"; };
		AF667C19242457AD0089A2CD /* AVFoundation.framework */ = {isa = PBXFileReference; lastKnownFileType = wrapper.framework; name = AVFoundation.framework; path = System/Library/Frameworks/AVFoundation.framework; sourceTree = SDKROOT; };
		AF667C1F242457DD0089A2CD /* Plop.mp3 */ = {isa = PBXFileReference; lastKnownFileType = audio.mp3; name = Plop.mp3; path = ../../../../../../Downloads/Plop/Plop.mp3; sourceTree = "<group>"; };
		AF667C2324245A570089A2CD /* FFVIIfanfare.mp3 */ = {isa = PBXFileReference; lastKnownFileType = audio.mp3; name = FFVIIfanfare.mp3; path = ../../../../../../Downloads/FFVIIfanfare.mp3; sourceTree = "<group>"; };
		AFB9E1372421B7A4008B7B68 /* NorthTicTacToe.app */ = {isa = PBXFileReference; explicitFileType = wrapper.application; includeInIndex = 0; path = NorthTicTacToe.app; sourceTree = BUILT_PRODUCTS_DIR; };
		AFB9E13A2421B7A4008B7B68 /* AppDelegate.swift */ = {isa = PBXFileReference; lastKnownFileType = sourcecode.swift; path = AppDelegate.swift; sourceTree = "<group>"; };
		AFB9E13C2421B7A4008B7B68 /* SceneDelegate.swift */ = {isa = PBXFileReference; lastKnownFileType = sourcecode.swift; path = SceneDelegate.swift; sourceTree = "<group>"; };
		AFB9E13E2421B7A4008B7B68 /* TicTacToeViewController.swift */ = {isa = PBXFileReference; lastKnownFileType = sourcecode.swift; path = TicTacToeViewController.swift; sourceTree = "<group>"; };
		AFB9E1412421B7A4008B7B68 /* Base */ = {isa = PBXFileReference; lastKnownFileType = file.storyboard; name = Base; path = Base.lproj/Main.storyboard; sourceTree = "<group>"; };
		AFB9E1432421B7A9008B7B68 /* Assets.xcassets */ = {isa = PBXFileReference; lastKnownFileType = folder.assetcatalog; path = Assets.xcassets; sourceTree = "<group>"; };
		AFB9E1462421B7A9008B7B68 /* Base */ = {isa = PBXFileReference; lastKnownFileType = file.storyboard; name = Base; path = Base.lproj/LaunchScreen.storyboard; sourceTree = "<group>"; };
		AFB9E1482421B7A9008B7B68 /* Info.plist */ = {isa = PBXFileReference; lastKnownFileType = text.plist.xml; path = Info.plist; sourceTree = "<group>"; };
/* End PBXFileReference section */

/* Begin PBXFrameworksBuildPhase section */
		AF667BFD2424356B0089A2CD /* Frameworks */ = {
			isa = PBXFrameworksBuildPhase;
			buildActionMask = 2147483647;
			files = (
			);
			runOnlyForDeploymentPostprocessing = 0;
		};
		AF667C0B24244CD00089A2CD /* Frameworks */ = {
			isa = PBXFrameworksBuildPhase;
			buildActionMask = 2147483647;
			files = (
			);
			runOnlyForDeploymentPostprocessing = 0;
		};
		AFB9E1342421B7A4008B7B68 /* Frameworks */ = {
			isa = PBXFrameworksBuildPhase;
			buildActionMask = 2147483647;
			files = (
				AF667C1B242457BF0089A2CD /* AVFoundation.framework in Frameworks */,
			);
			runOnlyForDeploymentPostprocessing = 0;
		};
/* End PBXFrameworksBuildPhase section */

/* Begin PBXGroup section */
		AF667BFA2424144A0089A2CD /* Models */ = {
			isa = PBXGroup;
			children = (
				AF667BF8242302010089A2CD /* GameState.swift */,
			);
			path = Models;
			sourceTree = "<group>";
		};
		AF667BFB2424145D0089A2CD /* Controller */ = {
			isa = PBXGroup;
			children = (
				AFB9E13E2421B7A4008B7B68 /* TicTacToeViewController.swift */,
			);
			path = Controller;
			sourceTree = "<group>";
		};
		AF667C012424356B0089A2CD /* NorthTicTacToeTests */ = {
			isa = PBXGroup;
			children = (
				AF667C022424356B0089A2CD /* NorthTicTacToeTests.swift */,
				AF667C042424356B0089A2CD /* Info.plist */,
			);
			path = NorthTicTacToeTests;
			sourceTree = "<group>";
		};
		AF667C0F24244CD00089A2CD /* NorthTicTacToeUITests */ = {
			isa = PBXGroup;
			children = (
				AF667C1024244CD00089A2CD /* NorthTicTacToeUITests.swift */,
				AF667C1224244CD00089A2CD /* Info.plist */,
			);
			path = NorthTicTacToeUITests;
			sourceTree = "<group>";
		};
		AF667C18242457AD0089A2CD /* Frameworks */ = {
			isa = PBXGroup;
			children = (
				AF667C19242457AD0089A2CD /* AVFoundation.framework */,
			);
			name = Frameworks;
			sourceTree = "<group>";
		};
		AF667C1E242457CC0089A2CD /* Sound */ = {
			isa = PBXGroup;
			children = (
				AF667C1F242457DD0089A2CD /* Plop.mp3 */,
				AF667C2324245A570089A2CD /* FFVIIfanfare.mp3 */,
			);
			path = Sound;
			sourceTree = "<group>";
		};
		AFB9E12E2421B7A4008B7B68 = {
			isa = PBXGroup;
			children = (
				AFB9E1392421B7A4008B7B68 /* NorthTicTacToe */,
				AF667C012424356B0089A2CD /* NorthTicTacToeTests */,
				AF667C0F24244CD00089A2CD /* NorthTicTacToeUITests */,
				AFB9E1382421B7A4008B7B68 /* Products */,
				AF667C18242457AD0089A2CD /* Frameworks */,
			);
			sourceTree = "<group>";
		};
		AFB9E1382421B7A4008B7B68 /* Products */ = {
			isa = PBXGroup;
			children = (
				AFB9E1372421B7A4008B7B68 /* NorthTicTacToe.app */,
				AF667C002424356B0089A2CD /* NorthTicTacToeTests.xctest */,
				AF667C0E24244CD00089A2CD /* NorthTicTacToeUITests.xctest */,
			);
			name = Products;
			sourceTree = "<group>";
		};
		AFB9E1392421B7A4008B7B68 /* NorthTicTacToe */ = {
			isa = PBXGroup;
			children = (
				AF667C1E242457CC0089A2CD /* Sound */,
				AF667BFA2424144A0089A2CD /* Models */,
				AF667BFB2424145D0089A2CD /* Controller */,
				AFB9E13A2421B7A4008B7B68 /* AppDelegate.swift */,
				AFB9E13C2421B7A4008B7B68 /* SceneDelegate.swift */,
				AFB9E1402421B7A4008B7B68 /* Main.storyboard */,
				AFB9E1432421B7A9008B7B68 /* Assets.xcassets */,
				AFB9E1452421B7A9008B7B68 /* LaunchScreen.storyboard */,
				AFB9E1482421B7A9008B7B68 /* Info.plist */,
			);
			path = NorthTicTacToe;
			sourceTree = "<group>";
		};
/* End PBXGroup section */

/* Begin PBXNativeTarget section */
		AF667BFF2424356B0089A2CD /* NorthTicTacToeTests */ = {
			isa = PBXNativeTarget;
			buildConfigurationList = AF667C072424356B0089A2CD /* Build configuration list for PBXNativeTarget "NorthTicTacToeTests" */;
			buildPhases = (
				AF667BFC2424356B0089A2CD /* Sources */,
				AF667BFD2424356B0089A2CD /* Frameworks */,
				AF667BFE2424356B0089A2CD /* Resources */,
			);
			buildRules = (
			);
			dependencies = (
				AF667C062424356B0089A2CD /* PBXTargetDependency */,
			);
			name = NorthTicTacToeTests;
			productName = NorthTicTacToeTests;
			productReference = AF667C002424356B0089A2CD /* NorthTicTacToeTests.xctest */;
			productType = "com.apple.product-type.bundle.unit-test";
		};
		AF667C0D24244CD00089A2CD /* NorthTicTacToeUITests */ = {
			isa = PBXNativeTarget;
			buildConfigurationList = AF667C1524244CD00089A2CD /* Build configuration list for PBXNativeTarget "NorthTicTacToeUITests" */;
			buildPhases = (
				AF667C0A24244CD00089A2CD /* Sources */,
				AF667C0B24244CD00089A2CD /* Frameworks */,
				AF667C0C24244CD00089A2CD /* Resources */,
			);
			buildRules = (
			);
			dependencies = (
				AF667C1424244CD00089A2CD /* PBXTargetDependency */,
			);
			name = NorthTicTacToeUITests;
			productName = NorthTicTacToeUITests;
			productReference = AF667C0E24244CD00089A2CD /* NorthTicTacToeUITests.xctest */;
			productType = "com.apple.product-type.bundle.ui-testing";
		};
		AFB9E1362421B7A4008B7B68 /* NorthTicTacToe */ = {
			isa = PBXNativeTarget;
			buildConfigurationList = AFB9E14B2421B7A9008B7B68 /* Build configuration list for PBXNativeTarget "NorthTicTacToe" */;
			buildPhases = (
				AFB9E1332421B7A4008B7B68 /* Sources */,
				AFB9E1342421B7A4008B7B68 /* Frameworks */,
				AFB9E1352421B7A4008B7B68 /* Resources */,
			);
			buildRules = (
			);
			dependencies = (
			);
			name = NorthTicTacToe;
			productName = NorthTicTacToe;
			productReference = AFB9E1372421B7A4008B7B68 /* NorthTicTacToe.app */;
			productType = "com.apple.product-type.application";
		};
/* End PBXNativeTarget section */

/* Begin PBXProject section */
		AFB9E12F2421B7A4008B7B68 /* Project object */ = {
			isa = PBXProject;
			attributes = {
				LastSwiftUpdateCheck = 1130;
				LastUpgradeCheck = 1130;
				ORGANIZATIONNAME = "Michael Shiozaki";
				TargetAttributes = {
					AF667BFF2424356B0089A2CD = {
						CreatedOnToolsVersion = 11.3.1;
						TestTargetID = AFB9E1362421B7A4008B7B68;
					};
					AF667C0D24244CD00089A2CD = {
						CreatedOnToolsVersion = 11.3.1;
						TestTargetID = AFB9E1362421B7A4008B7B68;
					};
					AFB9E1362421B7A4008B7B68 = {
						CreatedOnToolsVersion = 11.3.1;
					};
				};
			};
			buildConfigurationList = AFB9E1322421B7A4008B7B68 /* Build configuration list for PBXProject "NorthTicTacToe" */;
			compatibilityVersion = "Xcode 9.3";
			developmentRegion = en;
			hasScannedForEncodings = 0;
			knownRegions = (
				en,
				Base,
			);
			mainGroup = AFB9E12E2421B7A4008B7B68;
			productRefGroup = AFB9E1382421B7A4008B7B68 /* Products */;
			projectDirPath = "";
			projectRoot = "";
			targets = (
				AFB9E1362421B7A4008B7B68 /* NorthTicTacToe */,
				AF667BFF2424356B0089A2CD /* NorthTicTacToeTests */,
				AF667C0D24244CD00089A2CD /* NorthTicTacToeUITests */,
			);
		};
/* End PBXProject section */

/* Begin PBXResourcesBuildPhase section */
		AF667BFE2424356B0089A2CD /* Resources */ = {
			isa = PBXResourcesBuildPhase;
			buildActionMask = 2147483647;
			files = (
			);
			runOnlyForDeploymentPostprocessing = 0;
		};
		AF667C0C24244CD00089A2CD /* Resources */ = {
			isa = PBXResourcesBuildPhase;
			buildActionMask = 2147483647;
			files = (
			);
			runOnlyForDeploymentPostprocessing = 0;
		};
		AFB9E1352421B7A4008B7B68 /* Resources */ = {
			isa = PBXResourcesBuildPhase;
			buildActionMask = 2147483647;
			files = (
				AFB9E1472421B7A9008B7B68 /* LaunchScreen.storyboard in Resources */,
				AF667C20242457DD0089A2CD /* Plop.mp3 in Resources */,
				AF667C2424245A570089A2CD /* FFVIIfanfare.mp3 in Resources */,
				AFB9E1442421B7A9008B7B68 /* Assets.xcassets in Resources */,
				AFB9E1422421B7A4008B7B68 /* Main.storyboard in Resources */,
			);
			runOnlyForDeploymentPostprocessing = 0;
		};
/* End PBXResourcesBuildPhase section */

/* Begin PBXSourcesBuildPhase section */
		AF667BFC2424356B0089A2CD /* Sources */ = {
			isa = PBXSourcesBuildPhase;
			buildActionMask = 2147483647;
			files = (
				AF667C032424356B0089A2CD /* NorthTicTacToeTests.swift in Sources */,
			);
			runOnlyForDeploymentPostprocessing = 0;
		};
		AF667C0A24244CD00089A2CD /* Sources */ = {
			isa = PBXSourcesBuildPhase;
			buildActionMask = 2147483647;
			files = (
				AF667C1124244CD00089A2CD /* NorthTicTacToeUITests.swift in Sources */,
			);
			runOnlyForDeploymentPostprocessing = 0;
		};
		AFB9E1332421B7A4008B7B68 /* Sources */ = {
			isa = PBXSourcesBuildPhase;
			buildActionMask = 2147483647;
			files = (
				AFB9E13F2421B7A4008B7B68 /* TicTacToeViewController.swift in Sources */,
				AF667BF9242302010089A2CD /* GameState.swift in Sources */,
				AFB9E13B2421B7A4008B7B68 /* AppDelegate.swift in Sources */,
				AFB9E13D2421B7A4008B7B68 /* SceneDelegate.swift in Sources */,
			);
			runOnlyForDeploymentPostprocessing = 0;
		};
/* End PBXSourcesBuildPhase section */

/* Begin PBXTargetDependency section */
		AF667C062424356B0089A2CD /* PBXTargetDependency */ = {
			isa = PBXTargetDependency;
			target = AFB9E1362421B7A4008B7B68 /* NorthTicTacToe */;
			targetProxy = AF667C052424356B0089A2CD /* PBXContainerItemProxy */;
		};
		AF667C1424244CD00089A2CD /* PBXTargetDependency */ = {
			isa = PBXTargetDependency;
			target = AFB9E1362421B7A4008B7B68 /* NorthTicTacToe */;
			targetProxy = AF667C1324244CD00089A2CD /* PBXContainerItemProxy */;
		};
/* End PBXTargetDependency section */

/* Begin PBXVariantGroup section */
		AFB9E1402421B7A4008B7B68 /* Main.storyboard */ = {
			isa = PBXVariantGroup;
			children = (
				AFB9E1412421B7A4008B7B68 /* Base */,
			);
			name = Main.storyboard;
			sourceTree = "<group>";
		};
		AFB9E1452421B7A9008B7B68 /* LaunchScreen.storyboard */ = {
			isa = PBXVariantGroup;
			children = (
				AFB9E1462421B7A9008B7B68 /* Base */,
			);
			name = LaunchScreen.storyboard;
			sourceTree = "<group>";
		};
/* End PBXVariantGroup section */

/* Begin XCBuildConfiguration section */
		AF667C082424356B0089A2CD /* Debug */ = {
			isa = XCBuildConfiguration;
			buildSettings = {
				BUNDLE_LOADER = "$(TEST_HOST)";
				CODE_SIGN_STYLE = Automatic;
				DEVELOPMENT_TEAM = T68894NA3L;
				INFOPLIST_FILE = NorthTicTacToeTests/Info.plist;
				LD_RUNPATH_SEARCH_PATHS = (
					"$(inherited)",
					"@executable_path/Frameworks",
					"@loader_path/Frameworks",
				);
				PRODUCT_BUNDLE_IDENTIFIER = com.michaelshiozaki.NorthTicTacToeTests;
				PRODUCT_NAME = "$(TARGET_NAME)";
				SWIFT_VERSION = 5.0;
				TARGETED_DEVICE_FAMILY = "1,2";
				TEST_HOST = "$(BUILT_PRODUCTS_DIR)/NorthTicTacToe.app/NorthTicTacToe";
			};
			name = Debug;
		};
		AF667C092424356B0089A2CD /* Release */ = {
			isa = XCBuildConfiguration;
			buildSettings = {
				BUNDLE_LOADER = "$(TEST_HOST)";
				CODE_SIGN_STYLE = Automatic;
				DEVELOPMENT_TEAM = T68894NA3L;
				INFOPLIST_FILE = NorthTicTacToeTests/Info.plist;
				LD_RUNPATH_SEARCH_PATHS = (
					"$(inherited)",
					"@executable_path/Frameworks",
					"@loader_path/Frameworks",
				);
				PRODUCT_BUNDLE_IDENTIFIER = com.michaelshiozaki.NorthTicTacToeTests;
				PRODUCT_NAME = "$(TARGET_NAME)";
				SWIFT_VERSION = 5.0;
				TARGETED_DEVICE_FAMILY = "1,2";
				TEST_HOST = "$(BUILT_PRODUCTS_DIR)/NorthTicTacToe.app/NorthTicTacToe";
			};
			name = Release;
		};
		AF667C1624244CD00089A2CD /* Debug */ = {
			isa = XCBuildConfiguration;
			buildSettings = {
				CODE_SIGN_STYLE = Automatic;
				DEVELOPMENT_TEAM = T68894NA3L;
				INFOPLIST_FILE = NorthTicTacToeUITests/Info.plist;
				LD_RUNPATH_SEARCH_PATHS = (
					"$(inherited)",
					"@executable_path/Frameworks",
					"@loader_path/Frameworks",
				);
				PRODUCT_BUNDLE_IDENTIFIER = com.michaelshiozaki.NorthTicTacToeUITests;
				PRODUCT_NAME = "$(TARGET_NAME)";
				SWIFT_VERSION = 5.0;
				TARGETED_DEVICE_FAMILY = "1,2";
				TEST_TARGET_NAME = NorthTicTacToe;
			};
			name = Debug;
		};
		AF667C1724244CD00089A2CD /* Release */ = {
			isa = XCBuildConfiguration;
			buildSettings = {
				CODE_SIGN_STYLE = Automatic;
				DEVELOPMENT_TEAM = T68894NA3L;
				INFOPLIST_FILE = NorthTicTacToeUITests/Info.plist;
				LD_RUNPATH_SEARCH_PATHS = (
					"$(inherited)",
					"@executable_path/Frameworks",
					"@loader_path/Frameworks",
				);
				PRODUCT_BUNDLE_IDENTIFIER = com.michaelshiozaki.NorthTicTacToeUITests;
				PRODUCT_NAME = "$(TARGET_NAME)";
				SWIFT_VERSION = 5.0;
				TARGETED_DEVICE_FAMILY = "1,2";
				TEST_TARGET_NAME = NorthTicTacToe;
			};
			name = Release;
		};
		AFB9E1492421B7A9008B7B68 /* Debug */ = {
			isa = XCBuildConfiguration;
			buildSettings = {
				ALWAYS_SEARCH_USER_PATHS = NO;
				CLANG_ANALYZER_NONNULL = YES;
				CLANG_ANALYZER_NUMBER_OBJECT_CONVERSION = YES_AGGRESSIVE;
				CLANG_CXX_LANGUAGE_STANDARD = "gnu++14";
				CLANG_CXX_LIBRARY = "libc++";
				CLANG_ENABLE_MODULES = YES;
				CLANG_ENABLE_OBJC_ARC = YES;
				CLANG_ENABLE_OBJC_WEAK = YES;
				CLANG_WARN_BLOCK_CAPTURE_AUTORELEASING = YES;
				CLANG_WARN_BOOL_CONVERSION = YES;
				CLANG_WARN_COMMA = YES;
				CLANG_WARN_CONSTANT_CONVERSION = YES;
				CLANG_WARN_DEPRECATED_OBJC_IMPLEMENTATIONS = YES;
				CLANG_WARN_DIRECT_OBJC_ISA_USAGE = YES_ERROR;
				CLANG_WARN_DOCUMENTATION_COMMENTS = YES;
				CLANG_WARN_EMPTY_BODY = YES;
				CLANG_WARN_ENUM_CONVERSION = YES;
				CLANG_WARN_INFINITE_RECURSION = YES;
				CLANG_WARN_INT_CONVERSION = YES;
				CLANG_WARN_NON_LITERAL_NULL_CONVERSION = YES;
				CLANG_WARN_OBJC_IMPLICIT_RETAIN_SELF = YES;
				CLANG_WARN_OBJC_LITERAL_CONVERSION = YES;
				CLANG_WARN_OBJC_ROOT_CLASS = YES_ERROR;
				CLANG_WARN_RANGE_LOOP_ANALYSIS = YES;
				CLANG_WARN_STRICT_PROTOTYPES = YES;
				CLANG_WARN_SUSPICIOUS_MOVE = YES;
				CLANG_WARN_UNGUARDED_AVAILABILITY = YES_AGGRESSIVE;
				CLANG_WARN_UNREACHABLE_CODE = YES;
				CLANG_WARN__DUPLICATE_METHOD_MATCH = YES;
				COPY_PHASE_STRIP = NO;
				DEBUG_INFORMATION_FORMAT = dwarf;
				ENABLE_STRICT_OBJC_MSGSEND = YES;
				ENABLE_TESTABILITY = YES;
				GCC_C_LANGUAGE_STANDARD = gnu11;
				GCC_DYNAMIC_NO_PIC = NO;
				GCC_NO_COMMON_BLOCKS = YES;
				GCC_OPTIMIZATION_LEVEL = 0;
				GCC_PREPROCESSOR_DEFINITIONS = (
					"DEBUG=1",
					"$(inherited)",
				);
				GCC_WARN_64_TO_32_BIT_CONVERSION = YES;
				GCC_WARN_ABOUT_RETURN_TYPE = YES_ERROR;
				GCC_WARN_UNDECLARED_SELECTOR = YES;
				GCC_WARN_UNINITIALIZED_AUTOS = YES_AGGRESSIVE;
				GCC_WARN_UNUSED_FUNCTION = YES;
				GCC_WARN_UNUSED_VARIABLE = YES;
				IPHONEOS_DEPLOYMENT_TARGET = 13.2;
				MTL_ENABLE_DEBUG_INFO = INCLUDE_SOURCE;
				MTL_FAST_MATH = YES;
				ONLY_ACTIVE_ARCH = YES;
				SDKROOT = iphoneos;
				SWIFT_ACTIVE_COMPILATION_CONDITIONS = DEBUG;
				SWIFT_OPTIMIZATION_LEVEL = "-Onone";
			};
			name = Debug;
		};
		AFB9E14A2421B7A9008B7B68 /* Release */ = {
			isa = XCBuildConfiguration;
			buildSettings = {
				ALWAYS_SEARCH_USER_PATHS = NO;
				CLANG_ANALYZER_NONNULL = YES;
				CLANG_ANALYZER_NUMBER_OBJECT_CONVERSION = YES_AGGRESSIVE;
				CLANG_CXX_LANGUAGE_STANDARD = "gnu++14";
				CLANG_CXX_LIBRARY = "libc++";
				CLANG_ENABLE_MODULES = YES;
				CLANG_ENABLE_OBJC_ARC = YES;
				CLANG_ENABLE_OBJC_WEAK = YES;
				CLANG_WARN_BLOCK_CAPTURE_AUTORELEASING = YES;
				CLANG_WARN_BOOL_CONVERSION = YES;
				CLANG_WARN_COMMA = YES;
				CLANG_WARN_CONSTANT_CONVERSION = YES;
				CLANG_WARN_DEPRECATED_OBJC_IMPLEMENTATIONS = YES;
				CLANG_WARN_DIRECT_OBJC_ISA_USAGE = YES_ERROR;
				CLANG_WARN_DOCUMENTATION_COMMENTS = YES;
				CLANG_WARN_EMPTY_BODY = YES;
				CLANG_WARN_ENUM_CONVERSION = YES;
				CLANG_WARN_INFINITE_RECURSION = YES;
				CLANG_WARN_INT_CONVERSION = YES;
				CLANG_WARN_NON_LITERAL_NULL_CONVERSION = YES;
				CLANG_WARN_OBJC_IMPLICIT_RETAIN_SELF = YES;
				CLANG_WARN_OBJC_LITERAL_CONVERSION = YES;
				CLANG_WARN_OBJC_ROOT_CLASS = YES_ERROR;
				CLANG_WARN_RANGE_LOOP_ANALYSIS = YES;
				CLANG_WARN_STRICT_PROTOTYPES = YES;
				CLANG_WARN_SUSPICIOUS_MOVE = YES;
				CLANG_WARN_UNGUARDED_AVAILABILITY = YES_AGGRESSIVE;
				CLANG_WARN_UNREACHABLE_CODE = YES;
				CLANG_WARN__DUPLICATE_METHOD_MATCH = YES;
				COPY_PHASE_STRIP = NO;
				DEBUG_INFORMATION_FORMAT = "dwarf-with-dsym";
				ENABLE_NS_ASSERTIONS = NO;
				ENABLE_STRICT_OBJC_MSGSEND = YES;
				GCC_C_LANGUAGE_STANDARD = gnu11;
				GCC_NO_COMMON_BLOCKS = YES;
				GCC_WARN_64_TO_32_BIT_CONVERSION = YES;
				GCC_WARN_ABOUT_RETURN_TYPE = YES_ERROR;
				GCC_WARN_UNDECLARED_SELECTOR = YES;
				GCC_WARN_UNINITIALIZED_AUTOS = YES_AGGRESSIVE;
				GCC_WARN_UNUSED_FUNCTION = YES;
				GCC_WARN_UNUSED_VARIABLE = YES;
				IPHONEOS_DEPLOYMENT_TARGET = 13.2;
				MTL_ENABLE_DEBUG_INFO = NO;
				MTL_FAST_MATH = YES;
				SDKROOT = iphoneos;
				SWIFT_COMPILATION_MODE = wholemodule;
				SWIFT_OPTIMIZATION_LEVEL = "-O";
				VALIDATE_PRODUCT = YES;
			};
			name = Release;
		};
		AFB9E14C2421B7A9008B7B68 /* Debug */ = {
			isa = XCBuildConfiguration;
			buildSettings = {
				ASSETCATALOG_COMPILER_APPICON_NAME = AppIcon;
				CODE_SIGN_STYLE = Automatic;
				DEVELOPMENT_TEAM = T68894NA3L;
				INFOPLIST_FILE = NorthTicTacToe/Info.plist;
				LD_RUNPATH_SEARCH_PATHS = (
					"$(inherited)",
					"@executable_path/Frameworks",
				);
				PRODUCT_BUNDLE_IDENTIFIER = com.michaelshiozaki.NorthTicTacToe;
				PRODUCT_NAME = "$(TARGET_NAME)";
				SWIFT_VERSION = 5.0;
				TARGETED_DEVICE_FAMILY = "1,2";
			};
			name = Debug;
		};
		AFB9E14D2421B7A9008B7B68 /* Release */ = {
			isa = XCBuildConfiguration;
			buildSettings = {
				ASSETCATALOG_COMPILER_APPICON_NAME = AppIcon;
				CODE_SIGN_STYLE = Automatic;
				DEVELOPMENT_TEAM = T68894NA3L;
				INFOPLIST_FILE = NorthTicTacToe/Info.plist;
				LD_RUNPATH_SEARCH_PATHS = (
					"$(inherited)",
					"@executable_path/Frameworks",
				);
				PRODUCT_BUNDLE_IDENTIFIER = com.michaelshiozaki.NorthTicTacToe;
				PRODUCT_NAME = "$(TARGET_NAME)";
				SWIFT_VERSION = 5.0;
				TARGETED_DEVICE_FAMILY = "1,2";
			};
			name = Release;
		};
/* End XCBuildConfiguration section */

/* Begin XCConfigurationList section */
		AF667C072424356B0089A2CD /* Build configuration list for PBXNativeTarget "NorthTicTacToeTests" */ = {
			isa = XCConfigurationList;
			buildConfigurations = (
				AF667C082424356B0089A2CD /* Debug */,
				AF667C092424356B0089A2CD /* Release */,
			);
			defaultConfigurationIsVisible = 0;
			defaultConfigurationName = Release;
		};
		AF667C1524244CD00089A2CD /* Build configuration list for PBXNativeTarget "NorthTicTacToeUITests" */ = {
			isa = XCConfigurationList;
			buildConfigurations = (
				AF667C1624244CD00089A2CD /* Debug */,
				AF667C1724244CD00089A2CD /* Release */,
			);
			defaultConfigurationIsVisible = 0;
			defaultConfigurationName = Release;
		};
		AFB9E1322421B7A4008B7B68 /* Build configuration list for PBXProject "NorthTicTacToe" */ = {
			isa = XCConfigurationList;
			buildConfigurations = (
				AFB9E1492421B7A9008B7B68 /* Debug */,
				AFB9E14A2421B7A9008B7B68 /* Release */,
			);
			defaultConfigurationIsVisible = 0;
			defaultConfigurationName = Release;
		};
		AFB9E14B2421B7A9008B7B68 /* Build configuration list for PBXNativeTarget "NorthTicTacToe" */ = {
			isa = XCConfigurationList;
			buildConfigurations = (
				AFB9E14C2421B7A9008B7B68 /* Debug */,
				AFB9E14D2421B7A9008B7B68 /* Release */,
			);
			defaultConfigurationIsVisible = 0;
			defaultConfigurationName = Release;
		};
/* End XCConfigurationList section */
	};
	rootObject = AFB9E12F2421B7A4008B7B68 /* Project object */;
}
